// !$*UTF8*$!
{
	archiveVersion = 1;
	classes = {
	};
	objectVersion = 50;
	objects = {

/* Begin PBXBuildFile section */
		B71B7DD3233B52770024629D /* AppDelegate.swift in Sources */ = {isa = PBXBuildFile; fileRef = B71B7DD2233B52770024629D /* AppDelegate.swift */; };
		B71B7DD5233B52770024629D /* ViewController.swift in Sources */ = {isa = PBXBuildFile; fileRef = B71B7DD4233B52770024629D /* ViewController.swift */; };
		B71B7DD8233B52770024629D /* Main.storyboard in Resources */ = {isa = PBXBuildFile; fileRef = B71B7DD6233B52770024629D /* Main.storyboard */; };
		B71B7DDB233B52770024629D /* PicEditApp.xcdatamodeld in Sources */ = {isa = PBXBuildFile; fileRef = B71B7DD9233B52770024629D /* PicEditApp.xcdatamodeld */; };
		B71B7DDD233B52790024629D /* Assets.xcassets in Resources */ = {isa = PBXBuildFile; fileRef = B71B7DDC233B52790024629D /* Assets.xcassets */; };
		B71B7DE0233B52790024629D /* LaunchScreen.storyboard in Resources */ = {isa = PBXBuildFile; fileRef = B71B7DDE233B52790024629D /* LaunchScreen.storyboard */; };
/* End PBXBuildFile section */

/* Begin PBXFileReference section */
		B71B7DCF233B52770024629D /* PicEditApp.app */ = {isa = PBXFileReference; explicitFileType = wrapper.application; includeInIndex = 0; path = PicEditApp.app; sourceTree = BUILT_PRODUCTS_DIR; };
		B71B7DD2233B52770024629D /* AppDelegate.swift */ = {isa = PBXFileReference; lastKnownFileType = sourcecode.swift; path = AppDelegate.swift; sourceTree = "<group>"; };
		B71B7DD4233B52770024629D /* ViewController.swift */ = {isa = PBXFileReference; lastKnownFileType = sourcecode.swift; path = ViewController.swift; sourceTree = "<group>"; };
		B71B7DD7233B52770024629D /* Base */ = {isa = PBXFileReference; lastKnownFileType = file.storyboard; name = Base; path = Base.lproj/Main.storyboard; sourceTree = "<group>"; };
		B71B7DDA233B52770024629D /* PicEditApp.xcdatamodel */ = {isa = PBXFileReference; lastKnownFileType = wrapper.xcdatamodel; path = PicEditApp.xcdatamodel; sourceTree = "<group>"; };
		B71B7DDC233B52790024629D /* Assets.xcassets */ = {isa = PBXFileReference; lastKnownFileType = folder.assetcatalog; path = Assets.xcassets; sourceTree = "<group>"; };
		B71B7DDF233B52790024629D /* Base */ = {isa = PBXFileReference; lastKnownFileType = file.storyboard; name = Base; path = Base.lproj/LaunchScreen.storyboard; sourceTree = "<group>"; };
		B71B7DE1233B52790024629D /* Info.plist */ = {isa = PBXFileReference; lastKnownFileType = text.plist.xml; path = Info.plist; sourceTree = "<group>"; };
/* End PBXFileReference section */

/* Begin PBXFrameworksBuildPhase section */
		B71B7DCC233B52770024629D /* Frameworks */ = {
			isa = PBXFrameworksBuildPhase;
			buildActionMask = 2147483647;
			files = (
			);
			runOnlyForDeploymentPostprocessing = 0;
		};
/* End PBXFrameworksBuildPhase section */

/* Begin PBXGroup section */
		B71B7DC6233B52770024629D = {
			isa = PBXGroup;
			children = (
				B71B7DD1233B52770024629D /* PicEditApp */,
				B71B7DD0233B52770024629D /* Products */,
			);
			sourceTree = "<group>";
		};
		B71B7DD0233B52770024629D /* Products */ = {
			isa = PBXGroup;
			children = (
				B71B7DCF233B52770024629D /* PicEditApp.app */,
			);
			name = Products;
			sourceTree = "<group>";
		};
		B71B7DD1233B52770024629D /* PicEditApp */ = {
			isa = PBXGroup;
			children = (
				B71B7DD2233B52770024629D /* AppDelegate.swift */,
				B71B7DD4233B52770024629D /* ViewController.swift */,
				B71B7DD6233B52770024629D /* Main.storyboard */,
				B71B7DDC233B52790024629D /* Assets.xcassets */,
				B71B7DDE233B52790024629D /* LaunchScreen.storyboard */,
				B71B7DE1233B52790024629D /* Info.plist */,
				B71B7DD9233B52770024629D /* PicEditApp.xcdatamodeld */,
			);
			path = PicEditApp;
			sourceTree = "<group>";
		};
/* End PBXGroup section */

/* Begin PBXNativeTarget section */
		B71B7DCE233B52770024629D /* PicEditApp */ = {
			isa = PBXNativeTarget;
			buildConfigurationList = B71B7DE4233B52790024629D /* Build configuration list for PBXNativeTarget "PicEditApp" */;
			buildPhases = (
				B71B7DCB233B52770024629D /* Sources */,
				B71B7DCC233B52770024629D /* Frameworks */,
				B71B7DCD233B52770024629D /* Resources */,
			);
			buildRules = (
			);
			dependencies = (
			);
			name = PicEditApp;
			productName = PicEditApp;
			productReference = B71B7DCF233B52770024629D /* PicEditApp.app */;
			productType = "com.apple.product-type.application";
		};
/* End PBXNativeTarget section */

/* Begin PBXProject section */
		B71B7DC7233B52770024629D /* Project object */ = {
			isa = PBXProject;
			attributes = {
				LastSwiftUpdateCheck = 1030;
				LastUpgradeCheck = 1030;
				ORGANIZATIONNAME = MacHD;
				TargetAttributes = {
					B71B7DCE233B52770024629D = {
						CreatedOnToolsVersion = 10.3;
					};
				};
			};
			buildConfigurationList = B71B7DCA233B52770024629D /* Build configuration list for PBXProject "PicEditApp" */;
			compatibilityVersion = "Xcode 9.3";
			developmentRegion = en;
			hasScannedForEncodings = 0;
			knownRegions = (
				en,
				Base,
			);
			mainGroup = B71B7DC6233B52770024629D;
			productRefGroup = B71B7DD0233B52770024629D /* Products */;
			projectDirPath = "";
			projectRoot = "";
			targets = (
				B71B7DCE233B52770024629D /* PicEditApp */,
			);
		};
/* End PBXProject section */

/* Begin PBXResourcesBuildPhase section */
		B71B7DCD233B52770024629D /* Resources */ = {
			isa = PBXResourcesBuildPhase;
			buildActionMask = 2147483647;
			files = (
				B71B7DE0233B52790024629D /* LaunchScreen.storyboard in Resources */,
				B71B7DDD233B52790024629D /* Assets.xcassets in Resources */,
				B71B7DD8233B52770024629D /* Main.storyboard in Resources */,
			);
			runOnlyForDeploymentPostprocessing = 0;
		};
/* End PBXResourcesBuildPhase section */

/* Begin PBXSourcesBuildPhase section */
		B71B7DCB233B52770024629D /* Sources */ = {
			isa = PBXSourcesBuildPhase;
			buildActionMask = 2147483647;
			files = (
				B71B7DD5233B52770024629D /* ViewController.swift in Sources */,
				B71B7DDB233B52770024629D /* PicEditApp.xcdatamodeld in Sources */,
				B71B7DD3233B52770024629D /* AppDelegate.swift in Sources */,
			);
			runOnlyForDeploymentPostprocessing = 0;
		};
/* End PBXSourcesBuildPhase section */

/* Begin PBXVariantGroup section */
		B71B7DD6233B52770024629D /* Main.storyboard */ = {
			isa = PBXVariantGroup;
			children = (
				B71B7DD7233B52770024629D /* Base */,
			);
			name = Main.storyboard;
			sourceTree = "<group>";
		};
		B71B7DDE233B52790024629D /* LaunchScreen.storyboard */ = {
			isa = PBXVariantGroup;
			children = (
				B71B7DDF233B52790024629D /* Base */,
			);
			name = LaunchScreen.storyboard;
			sourceTree = "<group>";
		};
/* End PBXVariantGroup section */

/* Begin XCBuildConfiguration section */
		B71B7DE2233B52790024629D /* Debug */ = {
			isa = XCBuildConfiguration;
			buildSettings = {
				ALWAYS_SEARCH_USER_PATHS = NO;
				CLANG_ANALYZER_NONNULL = YES;
				CLANG_ANALYZER_NUMBER_OBJECT_CONVERSION = YES_AGGRESSIVE;
				CLANG_CXX_LANGUAGE_STANDARD = "gnu++14";
				CLANG_CXX_LIBRARY = "libc++";
				CLANG_ENABLE_MODULES = YES;
				CLANG_ENABLE_OBJC_ARC = YES;
				CLANG_ENABLE_OBJC_WEAK = YES;
				CLANG_WARN_BLOCK_CAPTURE_AUTORELEASING = YES;
				CLANG_WARN_BOOL_CONVERSION = YES;
				CLANG_WARN_COMMA = YES;
				CLANG_WARN_CONSTANT_CONVERSION = YES;
				CLANG_WARN_DEPRECATED_OBJC_IMPLEMENTATIONS = YES;
				CLANG_WARN_DIRECT_OBJC_ISA_USAGE = YES_ERROR;
				CLANG_WARN_DOCUMENTATION_COMMENTS = YES;
				CLANG_WARN_EMPTY_BODY = YES;
				CLANG_WARN_ENUM_CONVERSION = YES;
				CLANG_WARN_INFINITE_RECURSION = YES;
				CLANG_WARN_INT_CONVERSION = YES;
				CLANG_WARN_NON_LITERAL_NULL_CONVERSION = YES;
				CLANG_WARN_OBJC_IMPLICIT_RETAIN_SELF = YES;
				CLANG_WARN_OBJC_LITERAL_CONVERSION = YES;
				CLANG_WARN_OBJC_ROOT_CLASS = YES_ERROR;
				CLANG_WARN_RANGE_LOOP_ANALYSIS = YES;
				CLANG_WARN_STRICT_PROTOTYPES = YES;
				CLANG_WARN_SUSPICIOUS_MOVE = YES;
				CLANG_WARN_UNGUARDED_AVAILABILITY = YES_AGGRESSIVE;
				CLANG_WARN_UNREACHABLE_CODE = YES;
				CLANG_WARN__DUPLICATE_METHOD_MATCH = YES;
				CODE_SIGN_IDENTITY = "iPhone Developer";
				COPY_PHASE_STRIP = NO;
				DEBUG_INFORMATION_FORMAT = dwarf;
				ENABLE_STRICT_OBJC_MSGSEND = YES;
				ENABLE_TESTABILITY = YES;
				GCC_C_LANGUAGE_STANDARD = gnu11;
				GCC_DYNAMIC_NO_PIC = NO;
				GCC_NO_COMMON_BLOCKS = YES;
				GCC_OPTIMIZATION_LEVEL = 0;
				GCC_PREPROCESSOR_DEFINITIONS = (
					"DEBUG=1",
					"$(inherited)",
				);
				GCC_WARN_64_TO_32_BIT_CONVERSION = YES;
				GCC_WARN_ABOUT_RETURN_TYPE = YES_ERROR;
				GCC_WARN_UNDECLARED_SELECTOR = YES;
				GCC_WARN_UNINITIALIZED_AUTOS = YES_AGGRESSIVE;
				GCC_WARN_UNUSED_FUNCTION = YES;
				GCC_WARN_UNUSED_VARIABLE = YES;
				IPHONEOS_DEPLOYMENT_TARGET = 12.4;
				MTL_ENABLE_DEBUG_INFO = INCLUDE_SOURCE;
				MTL_FAST_MATH = YES;
				ONLY_ACTIVE_ARCH = YES;
				SDKROOT = iphoneos;
				SWIFT_ACTIVE_COMPILATION_CONDITIONS = DEBUG;
				SWIFT_OPTIMIZATION_LEVEL = "-Onone";
			};
			name = Debug;
		};
		B71B7DE3233B52790024629D /* Release */ = {
			isa = XCBuildConfiguration;
			buildSettings = {
				ALWAYS_SEARCH_USER_PATHS = NO;
				CLANG_ANALYZER_NONNULL = YES;
				CLANG_ANALYZER_NUMBER_OBJECT_CONVERSION = YES_AGGRESSIVE;
				CLANG_CXX_LANGUAGE_STANDARD = "gnu++14";
				CLANG_CXX_LIBRARY = "libc++";
				CLANG_ENABLE_MODULES = YES;
				CLANG_ENABLE_OBJC_ARC = YES;
				CLANG_ENABLE_OBJC_WEAK = YES;
				CLANG_WARN_BLOCK_CAPTURE_AUTORELEASING = YES;
				CLANG_WARN_BOOL_CONVERSION = YES;
				CLANG_WARN_COMMA = YES;
				CLANG_WARN_CONSTANT_CONVERSION = YES;
				CLANG_WARN_DEPRECATED_OBJC_IMPLEMENTATIONS = YES;
				CLANG_WARN_DIRECT_OBJC_ISA_USAGE = YES_ERROR;
				CLANG_WARN_DOCUMENTATION_COMMENTS = YES;
				CLANG_WARN_EMPTY_BODY = YES;
				CLANG_WARN_ENUM_CONVERSION = YES;
				CLANG_WARN_INFINITE_RECURSION = YES;
				CLANG_WARN_INT_CONVERSION = YES;
				CLANG_WARN_NON_LITERAL_NULL_CONVERSION = YES;
				CLANG_WARN_OBJC_IMPLICIT_RETAIN_SELF = YES;
				CLANG_WARN_OBJC_LITERAL_CONVERSION = YES;
				CLANG_WARN_OBJC_ROOT_CLASS = YES_ERROR;
				CLANG_WARN_RANGE_LOOP_ANALYSIS = YES;
				CLANG_WARN_STRICT_PROTOTYPES = YES;
				CLANG_WARN_SUSPICIOUS_MOVE = YES;
				CLANG_WARN_UNGUARDED_AVAILABILITY = YES_AGGRESSIVE;
				CLANG_WARN_UNREACHABLE_CODE = YES;
				CLANG_WARN__DUPLICATE_METHOD_MATCH = YES;
				CODE_SIGN_IDENTITY = "iPhone Developer";
				COPY_PHASE_STRIP = NO;
				DEBUG_INFORMATION_FORMAT = "dwarf-with-dsym";
				ENABLE_NS_ASSERTIONS = NO;
				ENABLE_STRICT_OBJC_MSGSEND = YES;
				GCC_C_LANGUAGE_STANDARD = gnu11;
				GCC_NO_COMMON_BLOCKS = YES;
				GCC_WARN_64_TO_32_BIT_CONVERSION = YES;
				GCC_WARN_ABOUT_RETURN_TYPE = YES_ERROR;
				GCC_WARN_UNDECLARED_SELECTOR = YES;
				GCC_WARN_UNINITIALIZED_AUTOS = YES_AGGRESSIVE;
				GCC_WARN_UNUSED_FUNCTION = YES;
				GCC_WARN_UNUSED_VARIABLE = YES;
				IPHONEOS_DEPLOYMENT_TARGET = 12.4;
				MTL_ENABLE_DEBUG_INFO = NO;
				MTL_FAST_MATH = YES;
				SDKROOT = iphoneos;
				SWIFT_COMPILATION_MODE = wholemodule;
				SWIFT_OPTIMIZATION_LEVEL = "-O";
				VALIDATE_PRODUCT = YES;
			};
			name = Release;
		};
		B71B7DE5233B52790024629D /* Debug */ = {
			isa = XCBuildConfiguration;
			buildSettings = {
				ASSETCATALOG_COMPILER_APPICON_NAME = AppIcon;
				CODE_SIGN_STYLE = Automatic;
				DEVELOPMENT_TEAM = 3R7KB94X5D;
				INFOPLIST_FILE = PicEditApp/Info.plist;
				LD_RUNPATH_SEARCH_PATHS = (
					"$(inherited)",
					"@executable_path/Frameworks",
				);
				PRODUCT_BUNDLE_IDENTIFIER = com.gg.PicEditApp;
				PRODUCT_NAME = "$(TARGET_NAME)";
				SWIFT_VERSION = 5.0;
				TARGETED_DEVICE_FAMILY = "1,2";
			};
			name = Debug;
		};
		B71B7DE6233B52790024629D /* Release */ = {
			isa = XCBuildConfiguration;
			buildSettings = {
				ASSETCATALOG_COMPILER_APPICON_NAME = AppIcon;
				CODE_SIGN_STYLE = Automatic;
				DEVELOPMENT_TEAM = 3R7KB94X5D;
				INFOPLIST_FILE = PicEditApp/Info.plist;
				LD_RUNPATH_SEARCH_PATHS = (
					"$(inherited)",
					"@executable_path/Frameworks",
				);
				PRODUCT_BUNDLE_IDENTIFIER = com.gg.PicEditApp;
				PRODUCT_NAME = "$(TARGET_NAME)";
				SWIFT_VERSION = 5.0;
				TARGETED_DEVICE_FAMILY = "1,2";
			};
			name = Release;
		};
/* End XCBuildConfiguration section */

/* Begin XCConfigurationList section */
		B71B7DCA233B52770024629D /* Build configuration list for PBXProject "PicEditApp" */ = {
			isa = XCConfigurationList;
			buildConfigurations = (
				B71B7DE2233B52790024629D /* Debug */,
				B71B7DE3233B52790024629D /* Release */,
			);
			defaultConfigurationIsVisible = 0;
			defaultConfigurationName = Release;
		};
		B71B7DE4233B52790024629D /* Build configuration list for PBXNativeTarget "PicEditApp" */ = {
			isa = XCConfigurationList;
			buildConfigurations = (
				B71B7DE5233B52790024629D /* Debug */,
				B71B7DE6233B52790024629D /* Release */,
			);
			defaultConfigurationIsVisible = 0;
			defaultConfigurationName = Release;
		};
/* End XCConfigurationList section */

/* Begin XCVersionGroup section */
		B71B7DD9233B52770024629D /* PicEditApp.xcdatamodeld */ = {
			isa = XCVersionGroup;
			children = (
				B71B7DDA233B52770024629D /* PicEditApp.xcdatamodel */,
			);
			currentVersion = B71B7DDA233B52770024629D /* PicEditApp.xcdatamodel */;
			path = PicEditApp.xcdatamodeld;
			sourceTree = "<group>";
			versionGroupType = wrapper.xcdatamodel;
		};
/* End XCVersionGroup section */
	};
	rootObject = B71B7DC7233B52770024629D /* Project object */;
}
